
Microsoft Visual Studio Solution File, Format Version 12.00
# Visual Studio Version 17
VisualStudioVersion = 17.5.33530.505
MinimumVisualStudioVersion = 10.0.40219.1
Project("{FAE04EC0-301F-11D3-BF4B-00C04F79EFBC}") = "XResize.Bot", "XResize\XResize.Bot.csproj", "{E854EC34-2053-4F50-88A9-35281A05895D}"
EndProject
Project("{FAE04EC0-301F-11D3-BF4B-00C04F79EFBC}") = "XResize.Core", "XResize.Core\XResize.Core.csproj", "{F27AAFF8-5F29-4BE7-A66A-5F85B135EAFD}"
EndProject
Project("{FAE04EC0-301F-11D3-BF4B-00C04F79EFBC}") = "XResizer.Test", "XResizer.Test\XResizer.Test.csproj", "{3277F762-1192-42D8-A623-83D3477F7117}"
EndProject
Global
	GlobalSection(SolutionConfigurationPlatforms) = preSolution
		Debug|Any CPU = Debug|Any CPU
		Release|Any CPU = Release|Any CPU
	EndGlobalSection
	GlobalSection(ProjectConfigurationPlatforms) = postSolution
		{E854EC34-2053-4F50-88A9-35281A05895D}.Debug|Any CPU.ActiveCfg = Debug|Any CPU
		{E854EC34-2053-4F50-88A9-35281A05895D}.Debug|Any CPU.Build.0 = Debug|Any CPU
		{E854EC34-2053-4F50-88A9-35281A05895D}.Release|Any CPU.ActiveCfg = Release|Any CPU
		{E854EC34-2053-4F50-88A9-35281A05895D}.Release|Any CPU.Build.0 = Release|Any CPU
		{F27AAFF8-5F29-4BE7-A66A-5F85B135EAFD}.Debug|Any CPU.ActiveCfg = Debug|Any CPU
		{F27AAFF8-5F29-4BE7-A66A-5F85B135EAFD}.Debug|Any CPU.Build.0 = Debug|Any CPU
		{F27AAFF8-5F29-4BE7-A66A-5F85B135EAFD}.Release|Any CPU.ActiveCfg = Release|Any CPU
		{F27AAFF8-5F29-4BE7-A66A-5F85B135EAFD}.Release|Any CPU.Build.0 = Release|Any CPU
		{3277F762-1192-42D8-A623-83D3477F7117}.Debug|Any CPU.ActiveCfg = Debug|Any CPU
		{3277F762-1192-42D8-A623-83D3477F7117}.Debug|Any CPU.Build.0 = Debug|Any CPU
		{3277F762-1192-42D8-A623-83D3477F7117}.Release|Any CPU.ActiveCfg = Release|Any CPU
		{3277F762-1192-42D8-A623-83D3477F7117}.Release|Any CPU.Build.0 = Release|Any CPU
	EndGlobalSection
	GlobalSection(SolutionProperties) = preSolution
		HideSolutionNode = FALSE
	EndGlobalSection
	GlobalSection(ExtensibilityGlobals) = postSolution
		SolutionGuid = {F23AA05C-1651-448B-AC2A-61DC94C235E8}
	EndGlobalSection
EndGlobal
